
Microsoft Visual Studio Solution File, Format Version 12.00
# Visual Studio Version 16
VisualStudioVersion = 16.0.32126.315
MinimumVisualStudioVersion = 10.0.40219.1
Project("{FAE04EC0-301F-11D3-BF4B-00C04F79EFBC}") = "Lab4CSharp", "Lab4CSharp\Lab4CSharp.csproj", "{ABD8F4C5-0F8A-457E-A360-6DDECB300165}"
EndProject
Global
	GlobalSection(SolutionConfigurationPlatforms) = preSolution
		Debug|Any CPU = Debug|Any CPU
		Release|Any CPU = Release|Any CPU
	EndGlobalSection
	GlobalSection(ProjectConfigurationPlatforms) = postSolution
		{ABD8F4C5-0F8A-457E-A360-6DDECB300165}.Debug|Any CPU.ActiveCfg = Debug|Any CPU
		{ABD8F4C5-0F8A-457E-A360-6DDECB300165}.Debug|Any CPU.Build.0 = Debug|Any CPU
		{ABD8F4C5-0F8A-457E-A360-6DDECB300165}.Release|Any CPU.ActiveCfg = Release|Any CPU
		{ABD8F4C5-0F8A-457E-A360-6DDECB300165}.Release|Any CPU.Build.0 = Release|Any CPU
	EndGlobalSection
	GlobalSection(SolutionProperties) = preSolution
		HideSolutionNode = FALSE
	EndGlobalSection
	GlobalSection(ExtensibilityGlobals) = postSolution
		SolutionGuid = {06CD55C8-C7EB-4BC1-B446-049A6DA8593C}
	EndGlobalSection
EndGlobal
